
Microsoft Visual Studio Solution File, Format Version 12.00
# Visual Studio Version 16
VisualStudioVersion = 16.0.30907.101
MinimumVisualStudioVersion = 10.0.40219.1
Project("{FAE04EC0-301F-11D3-BF4B-00C04F79EFBC}") = "NmyBlog.Web", "NmyBlog.Web\NmyBlog.Web.csproj", "{5BC0F1C1-EE14-4D33-A3F5-95AB7355C250}"
EndProject
Project("{FAE04EC0-301F-11D3-BF4B-00C04F79EFBC}") = "NmyBlog.Models", "NmyBlog.Models\NmyBlog.Models.csproj", "{A34BC316-1F18-4329-A8C0-019E3DA88622}"
EndProject
Global
	GlobalSection(SolutionConfigurationPlatforms) = preSolution
		Debug|Any CPU = Debug|Any CPU
		Release|Any CPU = Release|Any CPU
	EndGlobalSection
	GlobalSection(ProjectConfigurationPlatforms) = postSolution
		{5BC0F1C1-EE14-4D33-A3F5-95AB7355C250}.Debug|Any CPU.ActiveCfg = Debug|Any CPU
		{5BC0F1C1-EE14-4D33-A3F5-95AB7355C250}.Debug|Any CPU.Build.0 = Debug|Any CPU
		{5BC0F1C1-EE14-4D33-A3F5-95AB7355C250}.Release|Any CPU.ActiveCfg = Release|Any CPU
		{5BC0F1C1-EE14-4D33-A3F5-95AB7355C250}.Release|Any CPU.Build.0 = Release|Any CPU
		{A34BC316-1F18-4329-A8C0-019E3DA88622}.Debug|Any CPU.ActiveCfg = Debug|Any CPU
		{A34BC316-1F18-4329-A8C0-019E3DA88622}.Debug|Any CPU.Build.0 = Debug|Any CPU
		{A34BC316-1F18-4329-A8C0-019E3DA88622}.Release|Any CPU.ActiveCfg = Release|Any CPU
		{A34BC316-1F18-4329-A8C0-019E3DA88622}.Release|Any CPU.Build.0 = Release|Any CPU
	EndGlobalSection
	GlobalSection(SolutionProperties) = preSolution
		HideSolutionNode = FALSE
	EndGlobalSection
	GlobalSection(ExtensibilityGlobals) = postSolution
		SolutionGuid = {2842819B-C4EF-4914-9DD3-D7D4B8A77C24}
	EndGlobalSection
EndGlobal
